
Microsoft Visual Studio Solution File, Format Version 12.00
# Visual Studio Version 17
VisualStudioVersion = 17.7.34003.232
MinimumVisualStudioVersion = 10.0.40219.1
Project("{8BC9CEB8-8B4A-11D0-8D11-00A0C91BC942}") = "Task 1", "Task 1\Task 1.vcxproj", "{65593780-9BBA-4916-8D46-1279A5270E54}"
EndProject
Project("{8BC9CEB8-8B4A-11D0-8D11-00A0C91BC942}") = "Task 2", "Task 2\Task 2.vcxproj", "{146187D9-D45F-4818-B471-CBF3EEA79F83}"
EndProject
Project("{8BC9CEB8-8B4A-11D0-8D11-00A0C91BC942}") = "Task 3", "Task 3\Task 3.vcxproj", "{96E0E8DF-BB8E-4146-81D4-6208F51B0FA3}"
EndProject
Project("{8BC9CEB8-8B4A-11D0-8D11-00A0C91BC942}") = "Task 4", "Task 4\Task 4.vcxproj", "{F79ED256-131C-499C-86BC-883FB849A6A3}"
EndProject
Project("{8BC9CEB8-8B4A-11D0-8D11-00A0C91BC942}") = "Task 5", "Task 5\Task 5.vcxproj", "{64A84DA5-B5F3-4794-A71C-F98947C6B6F2}"
EndProject
Project("{8BC9CEB8-8B4A-11D0-8D11-00A0C91BC942}") = "Task 6", "Task 6\Task 6.vcxproj", "{A79082A2-D3A9-4DD6-A94C-A3364C64EF70}"
EndProject
Project("{8BC9CEB8-8B4A-11D0-8D11-00A0C91BC942}") = "Task 7", "Task 7\Task 7.vcxproj", "{199D264E-4916-4012-9138-87099A7B8D4A}"
EndProject
Project("{8BC9CEB8-8B4A-11D0-8D11-00A0C91BC942}") = "Task 8", "Task 8\Task 8.vcxproj", "{6F5BB305-145E-492F-A3F2-AE7368ACC6B4}"
EndProject
Project("{8BC9CEB8-8B4A-11D0-8D11-00A0C91BC942}") = "Task 9", "Task 9\Task 9.vcxproj", "{DFBFF2A7-6E3E-44DC-A213-1C8D10D009C5}"
EndProject
Global
	GlobalSection(SolutionConfigurationPlatforms) = preSolution
		Debug|x64 = Debug|x64
		Debug|x86 = Debug|x86
		Release|x64 = Release|x64
		Release|x86 = Release|x86
	EndGlobalSection
	GlobalSection(ProjectConfigurationPlatforms) = postSolution
		{65593780-9BBA-4916-8D46-1279A5270E54}.Debug|x64.ActiveCfg = Debug|x64
		{65593780-9BBA-4916-8D46-1279A5270E54}.Debug|x64.Build.0 = Debug|x64
		{65593780-9BBA-4916-8D46-1279A5270E54}.Debug|x86.ActiveCfg = Debug|Win32
		{65593780-9BBA-4916-8D46-1279A5270E54}.Debug|x86.Build.0 = Debug|Win32
		{65593780-9BBA-4916-8D46-1279A5270E54}.Release|x64.ActiveCfg = Release|x64
		{65593780-9BBA-4916-8D46-1279A5270E54}.Release|x64.Build.0 = Release|x64
		{65593780-9BBA-4916-8D46-1279A5270E54}.Release|x86.ActiveCfg = Release|Win32
		{65593780-9BBA-4916-8D46-1279A5270E54}.Release|x86.Build.0 = Release|Win32
		{146187D9-D45F-4818-B471-CBF3EEA79F83}.Debug|x64.ActiveCfg = Debug|x64
		{146187D9-D45F-4818-B471-CBF3EEA79F83}.Debug|x64.Build.0 = Debug|x64
		{146187D9-D45F-4818-B471-CBF3EEA79F83}.Debug|x86.ActiveCfg = Debug|Win32
		{146187D9-D45F-4818-B471-CBF3EEA79F83}.Debug|x86.Build.0 = Debug|Win32
		{146187D9-D45F-4818-B471-CBF3EEA79F83}.Release|x64.ActiveCfg = Release|x64
		{146187D9-D45F-4818-B471-CBF3EEA79F83}.Release|x64.Build.0 = Release|x64
		{146187D9-D45F-4818-B471-CBF3EEA79F83}.Release|x86.ActiveCfg = Release|Win32
		{146187D9-D45F-4818-B471-CBF3EEA79F83}.Release|x86.Build.0 = Release|Win32
		{96E0E8DF-BB8E-4146-81D4-6208F51B0FA3}.Debug|x64.ActiveCfg = Debug|x64
		{96E0E8DF-BB8E-4146-81D4-6208F51B0FA3}.Debug|x64.Build.0 = Debug|x64
		{96E0E8DF-BB8E-4146-81D4-6208F51B0FA3}.Debug|x86.ActiveCfg = Debug|Win32
		{96E0E8DF-BB8E-4146-81D4-6208F51B0FA3}.Debug|x86.Build.0 = Debug|Win32
		{96E0E8DF-BB8E-4146-81D4-6208F51B0FA3}.Release|x64.ActiveCfg = Release|x64
		{96E0E8DF-BB8E-4146-81D4-6208F51B0FA3}.Release|x64.Build.0 = Release|x64
		{96E0E8DF-BB8E-4146-81D4-6208F51B0FA3}.Release|x86.ActiveCfg = Release|Win32
		{96E0E8DF-BB8E-4146-81D4-6208F51B0FA3}.Release|x86.Build.0 = Release|Win32
		{F79ED256-131C-499C-86BC-883FB849A6A3}.Debug|x64.ActiveCfg = Debug|x64
		{F79ED256-131C-499C-86BC-883FB849A6A3}.Debug|x64.Build.0 = Debug|x64
		{F79ED256-131C-499C-86BC-883FB849A6A3}.Debug|x86.ActiveCfg = Debug|Win32
		{F79ED256-131C-499C-86BC-883FB849A6A3}.Debug|x86.Build.0 = Debug|Win32
		{F79ED256-131C-499C-86BC-883FB849A6A3}.Release|x64.ActiveCfg = Release|x64
		{F79ED256-131C-499C-86BC-883FB849A6A3}.Release|x64.Build.0 = Release|x64
		{F79ED256-131C-499C-86BC-883FB849A6A3}.Release|x86.ActiveCfg = Release|Win32
		{F79ED256-131C-499C-86BC-883FB849A6A3}.Release|x86.Build.0 = Release|Win32
		{64A84DA5-B5F3-4794-A71C-F98947C6B6F2}.Debug|x64.ActiveCfg = Debug|x64
		{64A84DA5-B5F3-4794-A71C-F98947C6B6F2}.Debug|x64.Build.0 = Debug|x64
		{64A84DA5-B5F3-4794-A71C-F98947C6B6F2}.Debug|x86.ActiveCfg = Debug|Win32
		{64A84DA5-B5F3-4794-A71C-F98947C6B6F2}.Debug|x86.Build.0 = Debug|Win32
		{64A84DA5-B5F3-4794-A71C-F98947C6B6F2}.Release|x64.ActiveCfg = Release|x64
		{64A84DA5-B5F3-4794-A71C-F98947C6B6F2}.Release|x64.Build.0 = Release|x64
		{64A84DA5-B5F3-4794-A71C-F98947C6B6F2}.Release|x86.ActiveCfg = Release|Win32
		{64A84DA5-B5F3-4794-A71C-F98947C6B6F2}.Release|x86.Build.0 = Release|Win32
		{A79082A2-D3A9-4DD6-A94C-A3364C64EF70}.Debug|x64.ActiveCfg = Debug|x64
		{A79082A2-D3A9-4DD6-A94C-A3364C64EF70}.Debug|x64.Build.0 = Debug|x64
		{A79082A2-D3A9-4DD6-A94C-A3364C64EF70}.Debug|x86.ActiveCfg = Debug|Win32
		{A79082A2-D3A9-4DD6-A94C-A3364C64EF70}.Debug|x86.Build.0 = Debug|Win32
		{A79082A2-D3A9-4DD6-A94C-A3364C64EF70}.Release|x64.ActiveCfg = Release|x64
		{A79082A2-D3A9-4DD6-A94C-A3364C64EF70}.Release|x64.Build.0 = Release|x64
		{A79082A2-D3A9-4DD6-A94C-A3364C64EF70}.Release|x86.ActiveCfg = Release|Win32
		{A79082A2-D3A9-4DD6-A94C-A3364C64EF70}.Release|x86.Build.0 = Release|Win32
		{199D264E-4916-4012-9138-87099A7B8D4A}.Debug|x64.ActiveCfg = Debug|x64
		{199D264E-4916-4012-9138-87099A7B8D4A}.Debug|x64.Build.0 = Debug|x64
		{199D264E-4916-4012-9138-87099A7B8D4A}.Debug|x86.ActiveCfg = Debug|Win32
		{199D264E-4916-4012-9138-87099A7B8D4A}.Debug|x86.Build.0 = Debug|Win32
		{199D264E-4916-4012-9138-87099A7B8D4A}.Release|x64.ActiveCfg = Release|x64
		{199D264E-4916-4012-9138-87099A7B8D4A}.Release|x64.Build.0 = Release|x64
		{199D264E-4916-4012-9138-87099A7B8D4A}.Release|x86.ActiveCfg = Release|Win32
		{199D264E-4916-4012-9138-87099A7B8D4A}.Release|x86.Build.0 = Release|Win32
		{6F5BB305-145E-492F-A3F2-AE7368ACC6B4}.Debug|x64.ActiveCfg = Debug|x64
		{6F5BB305-145E-492F-A3F2-AE7368ACC6B4}.Debug|x64.Build.0 = Debug|x64
		{6F5BB305-145E-492F-A3F2-AE7368ACC6B4}.Debug|x86.ActiveCfg = Debug|Win32
		{6F5BB305-145E-492F-A3F2-AE7368ACC6B4}.Debug|x86.Build.0 = Debug|Win32
		{6F5BB305-145E-492F-A3F2-AE7368ACC6B4}.Release|x64.ActiveCfg = Release|x64
		{6F5BB305-145E-492F-A3F2-AE7368ACC6B4}.Release|x64.Build.0 = Release|x64
		{6F5BB305-145E-492F-A3F2-AE7368ACC6B4}.Release|x86.ActiveCfg = Release|Win32
		{6F5BB305-145E-492F-A3F2-AE7368ACC6B4}.Release|x86.Build.0 = Release|Win32
		{DFBFF2A7-6E3E-44DC-A213-1C8D10D009C5}.Debug|x64.ActiveCfg = Debug|x64
		{DFBFF2A7-6E3E-44DC-A213-1C8D10D009C5}.Debug|x64.Build.0 = Debug|x64
		{DFBFF2A7-6E3E-44DC-A213-1C8D10D009C5}.Debug|x86.ActiveCfg = Debug|Win32
		{DFBFF2A7-6E3E-44DC-A213-1C8D10D009C5}.Debug|x86.Build.0 = Debug|Win32
		{DFBFF2A7-6E3E-44DC-A213-1C8D10D009C5}.Release|x64.ActiveCfg = Release|x64
		{DFBFF2A7-6E3E-44DC-A213-1C8D10D009C5}.Release|x64.Build.0 = Release|x64
		{DFBFF2A7-6E3E-44DC-A213-1C8D10D009C5}.Release|x86.ActiveCfg = Release|Win32
		{DFBFF2A7-6E3E-44DC-A213-1C8D10D009C5}.Release|x86.Build.0 = Release|Win32
	EndGlobalSection
	GlobalSection(SolutionProperties) = preSolution
		HideSolutionNode = FALSE
	EndGlobalSection
	GlobalSection(ExtensibilityGlobals) = postSolution
		SolutionGuid = {A5824B5F-A720-4996-BC7D-A32E29EAFE6E}
	EndGlobalSection
EndGlobal
