
Microsoft Visual Studio Solution File, Format Version 12.00
# Visual Studio Version 17
VisualStudioVersion = 17.7.34003.232
MinimumVisualStudioVersion = 10.0.40219.1
Project("{8BC9CEB8-8B4A-11D0-8D11-00A0C91BC942}") = "Task 1", "Task 1\Task 1.vcxproj", "{F05FB202-F82A-4E9C-9B42-846AE113F04F}"
EndProject
Project("{8BC9CEB8-8B4A-11D0-8D11-00A0C91BC942}") = "Task 2", "Task 2\Task 2.vcxproj", "{490590CF-7DD2-4787-8BDF-AD96FF6CC900}"
EndProject
Project("{8BC9CEB8-8B4A-11D0-8D11-00A0C91BC942}") = "Task 3", "Task 3\Task 3.vcxproj", "{7FF2A922-D985-474C-8C5A-A88F68EC6CC1}"
EndProject
Global
	GlobalSection(SolutionConfigurationPlatforms) = preSolution
		Debug|x64 = Debug|x64
		Debug|x86 = Debug|x86
		Release|x64 = Release|x64
		Release|x86 = Release|x86
	EndGlobalSection
	GlobalSection(ProjectConfigurationPlatforms) = postSolution
		{F05FB202-F82A-4E9C-9B42-846AE113F04F}.Debug|x64.ActiveCfg = Debug|x64
		{F05FB202-F82A-4E9C-9B42-846AE113F04F}.Debug|x64.Build.0 = Debug|x64
		{F05FB202-F82A-4E9C-9B42-846AE113F04F}.Debug|x86.ActiveCfg = Debug|Win32
		{F05FB202-F82A-4E9C-9B42-846AE113F04F}.Debug|x86.Build.0 = Debug|Win32
		{F05FB202-F82A-4E9C-9B42-846AE113F04F}.Release|x64.ActiveCfg = Release|x64
		{F05FB202-F82A-4E9C-9B42-846AE113F04F}.Release|x64.Build.0 = Release|x64
		{F05FB202-F82A-4E9C-9B42-846AE113F04F}.Release|x86.ActiveCfg = Release|Win32
		{F05FB202-F82A-4E9C-9B42-846AE113F04F}.Release|x86.Build.0 = Release|Win32
		{490590CF-7DD2-4787-8BDF-AD96FF6CC900}.Debug|x64.ActiveCfg = Debug|x64
		{490590CF-7DD2-4787-8BDF-AD96FF6CC900}.Debug|x64.Build.0 = Debug|x64
		{490590CF-7DD2-4787-8BDF-AD96FF6CC900}.Debug|x86.ActiveCfg = Debug|Win32
		{490590CF-7DD2-4787-8BDF-AD96FF6CC900}.Debug|x86.Build.0 = Debug|Win32
		{490590CF-7DD2-4787-8BDF-AD96FF6CC900}.Release|x64.ActiveCfg = Release|x64
		{490590CF-7DD2-4787-8BDF-AD96FF6CC900}.Release|x64.Build.0 = Release|x64
		{490590CF-7DD2-4787-8BDF-AD96FF6CC900}.Release|x86.ActiveCfg = Release|Win32
		{490590CF-7DD2-4787-8BDF-AD96FF6CC900}.Release|x86.Build.0 = Release|Win32
		{7FF2A922-D985-474C-8C5A-A88F68EC6CC1}.Debug|x64.ActiveCfg = Debug|x64
		{7FF2A922-D985-474C-8C5A-A88F68EC6CC1}.Debug|x64.Build.0 = Debug|x64
		{7FF2A922-D985-474C-8C5A-A88F68EC6CC1}.Debug|x86.ActiveCfg = Debug|Win32
		{7FF2A922-D985-474C-8C5A-A88F68EC6CC1}.Debug|x86.Build.0 = Debug|Win32
		{7FF2A922-D985-474C-8C5A-A88F68EC6CC1}.Release|x64.ActiveCfg = Release|x64
		{7FF2A922-D985-474C-8C5A-A88F68EC6CC1}.Release|x64.Build.0 = Release|x64
		{7FF2A922-D985-474C-8C5A-A88F68EC6CC1}.Release|x86.ActiveCfg = Release|Win32
		{7FF2A922-D985-474C-8C5A-A88F68EC6CC1}.Release|x86.Build.0 = Release|Win32
	EndGlobalSection
	GlobalSection(SolutionProperties) = preSolution
		HideSolutionNode = FALSE
	EndGlobalSection
	GlobalSection(ExtensibilityGlobals) = postSolution
		SolutionGuid = {5004ECDC-6794-4908-8A38-A3A924A7F7B8}
	EndGlobalSection
EndGlobal
