
Microsoft Visual Studio Solution File, Format Version 12.00
# Visual Studio Version 17
VisualStudioVersion = 17.7.34003.232
MinimumVisualStudioVersion = 10.0.40219.1
Project("{8BC9CEB8-8B4A-11D0-8D11-00A0C91BC942}") = "dynamic array program", "dynamic array program\dynamic array program.vcxproj", "{7D73D40E-C652-4D9E-98A7-5383C72C4CFB}"
EndProject
Project("{8BC9CEB8-8B4A-11D0-8D11-00A0C91BC942}") = "pragma twice", "pragma twice\pragma twice.vcxproj", "{C369DF9B-BCBF-4565-BE93-B749D804D040}"
EndProject
Global
	GlobalSection(SolutionConfigurationPlatforms) = preSolution
		Debug|x64 = Debug|x64
		Debug|x86 = Debug|x86
		Release|x64 = Release|x64
		Release|x86 = Release|x86
	EndGlobalSection
	GlobalSection(ProjectConfigurationPlatforms) = postSolution
		{7D73D40E-C652-4D9E-98A7-5383C72C4CFB}.Debug|x64.ActiveCfg = Debug|x64
		{7D73D40E-C652-4D9E-98A7-5383C72C4CFB}.Debug|x64.Build.0 = Debug|x64
		{7D73D40E-C652-4D9E-98A7-5383C72C4CFB}.Debug|x86.ActiveCfg = Debug|Win32
		{7D73D40E-C652-4D9E-98A7-5383C72C4CFB}.Debug|x86.Build.0 = Debug|Win32
		{7D73D40E-C652-4D9E-98A7-5383C72C4CFB}.Release|x64.ActiveCfg = Release|x64
		{7D73D40E-C652-4D9E-98A7-5383C72C4CFB}.Release|x64.Build.0 = Release|x64
		{7D73D40E-C652-4D9E-98A7-5383C72C4CFB}.Release|x86.ActiveCfg = Release|Win32
		{7D73D40E-C652-4D9E-98A7-5383C72C4CFB}.Release|x86.Build.0 = Release|Win32
		{C369DF9B-BCBF-4565-BE93-B749D804D040}.Debug|x64.ActiveCfg = Debug|x64
		{C369DF9B-BCBF-4565-BE93-B749D804D040}.Debug|x64.Build.0 = Debug|x64
		{C369DF9B-BCBF-4565-BE93-B749D804D040}.Debug|x86.ActiveCfg = Debug|Win32
		{C369DF9B-BCBF-4565-BE93-B749D804D040}.Debug|x86.Build.0 = Debug|Win32
		{C369DF9B-BCBF-4565-BE93-B749D804D040}.Release|x64.ActiveCfg = Release|x64
		{C369DF9B-BCBF-4565-BE93-B749D804D040}.Release|x64.Build.0 = Release|x64
		{C369DF9B-BCBF-4565-BE93-B749D804D040}.Release|x86.ActiveCfg = Release|Win32
		{C369DF9B-BCBF-4565-BE93-B749D804D040}.Release|x86.Build.0 = Release|Win32
	EndGlobalSection
	GlobalSection(SolutionProperties) = preSolution
		HideSolutionNode = FALSE
	EndGlobalSection
	GlobalSection(ExtensibilityGlobals) = postSolution
		SolutionGuid = {D338A74F-6A33-4A59-A9FA-513132E74A41}
	EndGlobalSection
EndGlobal
